
Microsoft Visual Studio Solution File, Format Version 12.00
# Visual Studio Version 17
VisualStudioVersion = 17.7.34024.191
MinimumVisualStudioVersion = 10.0.40219.1
Project("{9A19103F-16F7-4668-BE54-9A1E7A4F7556}") = "BookStore.Data", "BookStore.Data\BookStore.Data.csproj", "{EE6091DE-045B-49F1-9133-E70381A1EDCD}"
EndProject
Project("{9A19103F-16F7-4668-BE54-9A1E7A4F7556}") = "BookStore.Admin", "BookStore.Admin\BookStore.Admin.csproj", "{736A4AB8-652B-4E83-8628-B2BBC323211C}"
EndProject
Project("{9A19103F-16F7-4668-BE54-9A1E7A4F7556}") = "BookStore.WebUI", "BookStore.WebUI\BookStore.WebUI.csproj", "{B9DFA5B4-8403-49AE-ACAA-918CA9C617C6}"
EndProject
Project("{2150E333-8FDC-42A3-9474-1A3956D46DE8}") = "docs", "docs", "{B56386E4-FBFC-46B8-8509-11589C4FEADA}"
	ProjectSection(SolutionItems) = preProject
		Notes.txt = Notes.txt
		Readme.EF.md = Readme.EF.md
		Readme.Packages.md = Readme.Packages.md
	EndProjectSection
EndProject
Project("{2150E333-8FDC-42A3-9474-1A3956D46DE8}") = "Scripts", "Scripts", "{3F69F509-EE2D-47A1-AEA6-F031FE521F54}"
	ProjectSection(SolutionItems) = preProject
		data-author-translator.sql = data-author-translator.sql
		data-books.sql = data-books.sql
		data-full.sql = data-full.sql
	EndProjectSection
EndProject
Project("{FAE04EC0-301F-11D3-BF4B-00C04F79EFBC}") = "WebApp", "WebApp\WebApp.csproj", "{BF66FFF2-D0A8-426E-847A-4880EB06D97B}"
EndProject
Global
	GlobalSection(SolutionConfigurationPlatforms) = preSolution
		Debug|Any CPU = Debug|Any CPU
		Release|Any CPU = Release|Any CPU
	EndGlobalSection
	GlobalSection(ProjectConfigurationPlatforms) = postSolution
		{EE6091DE-045B-49F1-9133-E70381A1EDCD}.Debug|Any CPU.ActiveCfg = Debug|Any CPU
		{EE6091DE-045B-49F1-9133-E70381A1EDCD}.Debug|Any CPU.Build.0 = Debug|Any CPU
		{EE6091DE-045B-49F1-9133-E70381A1EDCD}.Release|Any CPU.ActiveCfg = Release|Any CPU
		{EE6091DE-045B-49F1-9133-E70381A1EDCD}.Release|Any CPU.Build.0 = Release|Any CPU
		{736A4AB8-652B-4E83-8628-B2BBC323211C}.Debug|Any CPU.ActiveCfg = Debug|Any CPU
		{736A4AB8-652B-4E83-8628-B2BBC323211C}.Debug|Any CPU.Build.0 = Debug|Any CPU
		{736A4AB8-652B-4E83-8628-B2BBC323211C}.Release|Any CPU.ActiveCfg = Release|Any CPU
		{736A4AB8-652B-4E83-8628-B2BBC323211C}.Release|Any CPU.Build.0 = Release|Any CPU
		{B9DFA5B4-8403-49AE-ACAA-918CA9C617C6}.Debug|Any CPU.ActiveCfg = Debug|Any CPU
		{B9DFA5B4-8403-49AE-ACAA-918CA9C617C6}.Debug|Any CPU.Build.0 = Debug|Any CPU
		{B9DFA5B4-8403-49AE-ACAA-918CA9C617C6}.Release|Any CPU.ActiveCfg = Release|Any CPU
		{B9DFA5B4-8403-49AE-ACAA-918CA9C617C6}.Release|Any CPU.Build.0 = Release|Any CPU
		{BF66FFF2-D0A8-426E-847A-4880EB06D97B}.Debug|Any CPU.ActiveCfg = Debug|Any CPU
		{BF66FFF2-D0A8-426E-847A-4880EB06D97B}.Debug|Any CPU.Build.0 = Debug|Any CPU
		{BF66FFF2-D0A8-426E-847A-4880EB06D97B}.Release|Any CPU.ActiveCfg = Release|Any CPU
		{BF66FFF2-D0A8-426E-847A-4880EB06D97B}.Release|Any CPU.Build.0 = Release|Any CPU
	EndGlobalSection
	GlobalSection(SolutionProperties) = preSolution
		HideSolutionNode = FALSE
	EndGlobalSection
	GlobalSection(ExtensibilityGlobals) = postSolution
		SolutionGuid = {1469438F-D59B-43FD-BEC7-01FB2609EB00}
	EndGlobalSection
EndGlobal
