
Microsoft Visual Studio Solution File, Format Version 12.00
# Visual Studio Version 17
VisualStudioVersion = 17.7.34024.191
MinimumVisualStudioVersion = 10.0.40219.1
Project("{9A19103F-16F7-4668-BE54-9A1E7A4F7556}") = "BookStore.Data", "BookStore.Data\BookStore.Data.csproj", "{EE6091DE-045B-49F1-9133-E70381A1EDCD}"
EndProject
Project("{9A19103F-16F7-4668-BE54-9A1E7A4F7556}") = "BookStore.Admin", "BookStore.Admin\BookStore.Admin.csproj", "{736A4AB8-652B-4E83-8628-B2BBC323211C}"
EndProject
Project("{9A19103F-16F7-4668-BE54-9A1E7A4F7556}") = "BookStore.WebUI", "BookStore.WebUI\BookStore.WebUI.csproj", "{B9DFA5B4-8403-49AE-ACAA-918CA9C617C6}"
EndProject
Project("{2150E333-8FDC-42A3-9474-1A3956D46DE8}") = ".docs", ".docs", "{B56386E4-FBFC-46B8-8509-11589C4FEADA}"
	ProjectSection(SolutionItems) = preProject
		Notes.txt = Notes.txt
		Readme.EF.md = Readme.EF.md
		Readme.Packages.md = Readme.Packages.md
		Readme.Resource.md = Readme.Resource.md
	EndProjectSection
EndProject
Project("{2150E333-8FDC-42A3-9474-1A3956D46DE8}") = ".scripts", ".scripts", "{3F69F509-EE2D-47A1-AEA6-F031FE521F54}"
	ProjectSection(SolutionItems) = preProject
		bookstore-data-author-translator.sql = bookstore-data-author-translator.sql
		bookstore-data-books.sql = bookstore-data-books.sql
		bookstore-data-full.sql = bookstore-data-full.sql
		location-data.sql = location-data.sql
	EndProjectSection
EndProject
Project("{2150E333-8FDC-42A3-9474-1A3956D46DE8}") = "Workshop", "Workshop", "{C0FB7FC6-7BB9-4171-9689-5370AD547F93}"
EndProject
Project("{2150E333-8FDC-42A3-9474-1A3956D46DE8}") = "Location", "Location", "{3E614B8D-65D9-408C-8814-E33BB9A88610}"
EndProject
Project("{9A19103F-16F7-4668-BE54-9A1E7A4F7556}") = "Locataion.Data", "Location\Locataion.Data\Locataion.Data.csproj", "{966767C4-643A-491F-812E-477036B14F93}"
EndProject
Project("{9A19103F-16F7-4668-BE54-9A1E7A4F7556}") = "Location.Api", "Location\Location.Api\Location.Api.csproj", "{F75ABEAD-C5D4-41F7-8128-8394B7904947}"
EndProject
Project("{9A19103F-16F7-4668-BE54-9A1E7A4F7556}") = "Location.SampleApp", "Location\Location.SampleApp\Location.SampleApp.csproj", "{4B2143E8-709F-413F-94FC-158CBCE86233}"
EndProject
Project("{9A19103F-16F7-4668-BE54-9A1E7A4F7556}") = "Location.SampleConsoleApp", "Location\Location.SampleConsoleApp\Location.SampleConsoleApp.csproj", "{FBEB7C34-ED39-4E77-A108-35ED2FE99027}"
EndProject
Project("{9A19103F-16F7-4668-BE54-9A1E7A4F7556}") = "00_Sample.WebApp", "SampleApps\Sample.WebApp\00_Sample.WebApp.csproj", "{94F7866D-9BDE-4044-9ADD-14F2F1D0616D}"
EndProject
Project("{9A19103F-16F7-4668-BE54-9A1E7A4F7556}") = "10_Serializitaion_XML", "10_Serializitaion\10_Serializitaion_XML.csproj", "{16C2C01A-D63A-451A-BE89-8C900BBBA525}"
EndProject
Project("{9A19103F-16F7-4668-BE54-9A1E7A4F7556}") = "20_Serializitaion_Json", "20_Serializitaion_Json\20_Serializitaion_Json.csproj", "{3E712ABA-749B-4B41-B908-BD2D2C75EEA0}"
EndProject
Project("{9A19103F-16F7-4668-BE54-9A1E7A4F7556}") = "BookStore.Common", "BookStore.Common\BookStore.Common.csproj", "{3425963B-22CD-41C0-B168-FDAFDA87A350}"
EndProject
Project("{2150E333-8FDC-42A3-9474-1A3956D46DE8}") = "Classroom", "Classroom", "{C410132E-88A7-49D3-B6D8-3BD958B6982E}"
EndProject
Project("{FAE04EC0-301F-11D3-BF4B-00C04F79EFBC}") = "WebAPI", "WebAPI\WebAPI.csproj", "{4A74F068-9261-4F5F-8351-11E3AA8803AB}"
EndProject
Global
	GlobalSection(SolutionConfigurationPlatforms) = preSolution
		Debug|Any CPU = Debug|Any CPU
		Release|Any CPU = Release|Any CPU
	EndGlobalSection
	GlobalSection(ProjectConfigurationPlatforms) = postSolution
		{EE6091DE-045B-49F1-9133-E70381A1EDCD}.Debug|Any CPU.ActiveCfg = Debug|Any CPU
		{EE6091DE-045B-49F1-9133-E70381A1EDCD}.Debug|Any CPU.Build.0 = Debug|Any CPU
		{EE6091DE-045B-49F1-9133-E70381A1EDCD}.Release|Any CPU.ActiveCfg = Release|Any CPU
		{EE6091DE-045B-49F1-9133-E70381A1EDCD}.Release|Any CPU.Build.0 = Release|Any CPU
		{736A4AB8-652B-4E83-8628-B2BBC323211C}.Debug|Any CPU.ActiveCfg = Debug|Any CPU
		{736A4AB8-652B-4E83-8628-B2BBC323211C}.Debug|Any CPU.Build.0 = Debug|Any CPU
		{736A4AB8-652B-4E83-8628-B2BBC323211C}.Release|Any CPU.ActiveCfg = Release|Any CPU
		{736A4AB8-652B-4E83-8628-B2BBC323211C}.Release|Any CPU.Build.0 = Release|Any CPU
		{B9DFA5B4-8403-49AE-ACAA-918CA9C617C6}.Debug|Any CPU.ActiveCfg = Debug|Any CPU
		{B9DFA5B4-8403-49AE-ACAA-918CA9C617C6}.Debug|Any CPU.Build.0 = Debug|Any CPU
		{B9DFA5B4-8403-49AE-ACAA-918CA9C617C6}.Release|Any CPU.ActiveCfg = Release|Any CPU
		{B9DFA5B4-8403-49AE-ACAA-918CA9C617C6}.Release|Any CPU.Build.0 = Release|Any CPU
		{966767C4-643A-491F-812E-477036B14F93}.Debug|Any CPU.ActiveCfg = Debug|Any CPU
		{966767C4-643A-491F-812E-477036B14F93}.Debug|Any CPU.Build.0 = Debug|Any CPU
		{966767C4-643A-491F-812E-477036B14F93}.Release|Any CPU.ActiveCfg = Release|Any CPU
		{966767C4-643A-491F-812E-477036B14F93}.Release|Any CPU.Build.0 = Release|Any CPU
		{F75ABEAD-C5D4-41F7-8128-8394B7904947}.Debug|Any CPU.ActiveCfg = Debug|Any CPU
		{F75ABEAD-C5D4-41F7-8128-8394B7904947}.Debug|Any CPU.Build.0 = Debug|Any CPU
		{F75ABEAD-C5D4-41F7-8128-8394B7904947}.Release|Any CPU.ActiveCfg = Release|Any CPU
		{F75ABEAD-C5D4-41F7-8128-8394B7904947}.Release|Any CPU.Build.0 = Release|Any CPU
		{4B2143E8-709F-413F-94FC-158CBCE86233}.Debug|Any CPU.ActiveCfg = Debug|Any CPU
		{4B2143E8-709F-413F-94FC-158CBCE86233}.Debug|Any CPU.Build.0 = Debug|Any CPU
		{4B2143E8-709F-413F-94FC-158CBCE86233}.Release|Any CPU.ActiveCfg = Release|Any CPU
		{4B2143E8-709F-413F-94FC-158CBCE86233}.Release|Any CPU.Build.0 = Release|Any CPU
		{FBEB7C34-ED39-4E77-A108-35ED2FE99027}.Debug|Any CPU.ActiveCfg = Debug|Any CPU
		{FBEB7C34-ED39-4E77-A108-35ED2FE99027}.Debug|Any CPU.Build.0 = Debug|Any CPU
		{FBEB7C34-ED39-4E77-A108-35ED2FE99027}.Release|Any CPU.ActiveCfg = Release|Any CPU
		{FBEB7C34-ED39-4E77-A108-35ED2FE99027}.Release|Any CPU.Build.0 = Release|Any CPU
		{94F7866D-9BDE-4044-9ADD-14F2F1D0616D}.Debug|Any CPU.ActiveCfg = Debug|Any CPU
		{94F7866D-9BDE-4044-9ADD-14F2F1D0616D}.Debug|Any CPU.Build.0 = Debug|Any CPU
		{94F7866D-9BDE-4044-9ADD-14F2F1D0616D}.Release|Any CPU.ActiveCfg = Release|Any CPU
		{94F7866D-9BDE-4044-9ADD-14F2F1D0616D}.Release|Any CPU.Build.0 = Release|Any CPU
		{16C2C01A-D63A-451A-BE89-8C900BBBA525}.Debug|Any CPU.ActiveCfg = Debug|Any CPU
		{16C2C01A-D63A-451A-BE89-8C900BBBA525}.Debug|Any CPU.Build.0 = Debug|Any CPU
		{16C2C01A-D63A-451A-BE89-8C900BBBA525}.Release|Any CPU.ActiveCfg = Release|Any CPU
		{16C2C01A-D63A-451A-BE89-8C900BBBA525}.Release|Any CPU.Build.0 = Release|Any CPU
		{3E712ABA-749B-4B41-B908-BD2D2C75EEA0}.Debug|Any CPU.ActiveCfg = Debug|Any CPU
		{3E712ABA-749B-4B41-B908-BD2D2C75EEA0}.Debug|Any CPU.Build.0 = Debug|Any CPU
		{3E712ABA-749B-4B41-B908-BD2D2C75EEA0}.Release|Any CPU.ActiveCfg = Release|Any CPU
		{3E712ABA-749B-4B41-B908-BD2D2C75EEA0}.Release|Any CPU.Build.0 = Release|Any CPU
		{3425963B-22CD-41C0-B168-FDAFDA87A350}.Debug|Any CPU.ActiveCfg = Debug|Any CPU
		{3425963B-22CD-41C0-B168-FDAFDA87A350}.Debug|Any CPU.Build.0 = Debug|Any CPU
		{3425963B-22CD-41C0-B168-FDAFDA87A350}.Release|Any CPU.ActiveCfg = Release|Any CPU
		{3425963B-22CD-41C0-B168-FDAFDA87A350}.Release|Any CPU.Build.0 = Release|Any CPU
		{4A74F068-9261-4F5F-8351-11E3AA8803AB}.Debug|Any CPU.ActiveCfg = Debug|Any CPU
		{4A74F068-9261-4F5F-8351-11E3AA8803AB}.Debug|Any CPU.Build.0 = Debug|Any CPU
		{4A74F068-9261-4F5F-8351-11E3AA8803AB}.Release|Any CPU.ActiveCfg = Release|Any CPU
		{4A74F068-9261-4F5F-8351-11E3AA8803AB}.Release|Any CPU.Build.0 = Release|Any CPU
	EndGlobalSection
	GlobalSection(SolutionProperties) = preSolution
		HideSolutionNode = FALSE
	EndGlobalSection
	GlobalSection(NestedProjects) = preSolution
		{966767C4-643A-491F-812E-477036B14F93} = {3E614B8D-65D9-408C-8814-E33BB9A88610}
		{F75ABEAD-C5D4-41F7-8128-8394B7904947} = {3E614B8D-65D9-408C-8814-E33BB9A88610}
		{4B2143E8-709F-413F-94FC-158CBCE86233} = {3E614B8D-65D9-408C-8814-E33BB9A88610}
		{FBEB7C34-ED39-4E77-A108-35ED2FE99027} = {3E614B8D-65D9-408C-8814-E33BB9A88610}
		{94F7866D-9BDE-4044-9ADD-14F2F1D0616D} = {C0FB7FC6-7BB9-4171-9689-5370AD547F93}
		{16C2C01A-D63A-451A-BE89-8C900BBBA525} = {C0FB7FC6-7BB9-4171-9689-5370AD547F93}
		{3E712ABA-749B-4B41-B908-BD2D2C75EEA0} = {C0FB7FC6-7BB9-4171-9689-5370AD547F93}
		{4A74F068-9261-4F5F-8351-11E3AA8803AB} = {C410132E-88A7-49D3-B6D8-3BD958B6982E}
	EndGlobalSection
	GlobalSection(ExtensibilityGlobals) = postSolution
		SolutionGuid = {1469438F-D59B-43FD-BEC7-01FB2609EB00}
	EndGlobalSection
EndGlobal
